// !$*UTF8*$!
{
	archiveVersion = 1;
	classes = {
	};
	objectVersion = 46;
	objects = {

/* Begin PBXBuildFile section */
		0A211EA11C53BAF40028CD2C /* extensions.swift in Sources */ = {isa = PBXBuildFile; fileRef = 0A211E8A1C53BAF40028CD2C /* extensions.swift */; };
		0A211EA21C53BAF40028CD2C /* Info.plist in Resources */ = {isa = PBXBuildFile; fileRef = 0A211E8B1C53BAF40028CD2C /* Info.plist */; };
		0A211EA31C53BAF40028CD2C /* OAuth2+iOS.swift in Sources */ = {isa = PBXBuildFile; fileRef = 0A211E8D1C53BAF40028CD2C /* OAuth2+iOS.swift */; };
		0A211EA41C53BAF40028CD2C /* OAuth2WebViewController.swift in Sources */ = {isa = PBXBuildFile; fileRef = 0A211E8E1C53BAF40028CD2C /* OAuth2WebViewController.swift */; };
		0A211EA51C53BAF40028CD2C /* OAuth2.swift in Sources */ = {isa = PBXBuildFile; fileRef = 0A211E901C53BAF40028CD2C /* OAuth2.swift */; };
		0A211EA61C53BAF40028CD2C /* OAuth2Base.swift in Sources */ = {isa = PBXBuildFile; fileRef = 0A211E911C53BAF40028CD2C /* OAuth2Base.swift */; };
		0A211EA71C53BAF40028CD2C /* OAuth2ClientCredentials.swift in Sources */ = {isa = PBXBuildFile; fileRef = 0A211E921C53BAF40028CD2C /* OAuth2ClientCredentials.swift */; };
		0A211EA81C53BAF40028CD2C /* OAuth2CodeGrant.swift in Sources */ = {isa = PBXBuildFile; fileRef = 0A211E931C53BAF40028CD2C /* OAuth2CodeGrant.swift */; };
		0A211EA91C53BAF40028CD2C /* OAuth2CodeGrantBasicAuth.swift in Sources */ = {isa = PBXBuildFile; fileRef = 0A211E941C53BAF40028CD2C /* OAuth2CodeGrantBasicAuth.swift */; };
		0A211EAA1C53BAF40028CD2C /* OAuth2CodeGrantFacebook.swift in Sources */ = {isa = PBXBuildFile; fileRef = 0A211E951C53BAF40028CD2C /* OAuth2CodeGrantFacebook.swift */; };
		0A211EAB1C53BAF40028CD2C /* OAuth2DynReg.swift in Sources */ = {isa = PBXBuildFile; fileRef = 0A211E961C53BAF40028CD2C /* OAuth2DynReg.swift */; };
		0A211EAC1C53BAF40028CD2C /* OAuth2ImplicitGrant.swift in Sources */ = {isa = PBXBuildFile; fileRef = 0A211E971C53BAF40028CD2C /* OAuth2ImplicitGrant.swift */; };
		0A211EAD1C53BAF40028CD2C /* OAuth2PasswordGrant.swift in Sources */ = {isa = PBXBuildFile; fileRef = 0A211E981C53BAF40028CD2C /* OAuth2PasswordGrant.swift */; };
		0A211EAE1C53BAF40028CD2C /* OAuth2Request.swift in Sources */ = {isa = PBXBuildFile; fileRef = 0A211E991C53BAF40028CD2C /* OAuth2Request.swift */; };
		0A211EAF1C53BAF40028CD2C /* ArchiveKey.swift in Sources */ = {isa = PBXBuildFile; fileRef = 0A211E9B1C53BAF40028CD2C /* ArchiveKey.swift */; };
		0A211EB01C53BAF40028CD2C /* GenericKey.swift in Sources */ = {isa = PBXBuildFile; fileRef = 0A211E9C1C53BAF40028CD2C /* GenericKey.swift */; };
		0A211EB11C53BAF40028CD2C /* Keychain.swift in Sources */ = {isa = PBXBuildFile; fileRef = 0A211E9D1C53BAF40028CD2C /* Keychain.swift */; };
		0A211EB21C53BAF40028CD2C /* KeychainItem.swift in Sources */ = {isa = PBXBuildFile; fileRef = 0A211E9E1C53BAF40028CD2C /* KeychainItem.swift */; };
		0A211EB31C53BAF40028CD2C /* KeychainQuery.swift in Sources */ = {isa = PBXBuildFile; fileRef = 0A211E9F1C53BAF40028CD2C /* KeychainQuery.swift */; };
		0A211EB41C53BAF40028CD2C /* KeychainService.swift in Sources */ = {isa = PBXBuildFile; fileRef = 0A211EA01C53BAF40028CD2C /* KeychainService.swift */; };
		0A6BA7871C53D11B007DE4A4 /* Credentials.json in Resources */ = {isa = PBXBuildFile; fileRef = 0A6BA7861C53D11B007DE4A4 /* Credentials.json */; };
		0A6BA7891C53D4C3007DE4A4 /* MondoAPI.swift in Sources */ = {isa = PBXBuildFile; fileRef = 0A6BA7881C53D4C3007DE4A4 /* MondoAPI.swift */; };
		0A859C0F1C53900B0071C8C0 /* main.m in Sources */ = {isa = PBXBuildFile; fileRef = 0A859C0E1C53900B0071C8C0 /* main.m */; };
		0A859C121C53900B0071C8C0 /* AppDelegate.m in Sources */ = {isa = PBXBuildFile; fileRef = 0A859C111C53900B0071C8C0 /* AppDelegate.m */; };
		0A859C151C53900B0071C8C0 /* ExpensiMondo.xcdatamodeld in Sources */ = {isa = PBXBuildFile; fileRef = 0A859C131C53900B0071C8C0 /* ExpensiMondo.xcdatamodeld */; };
		0A859C181C53900B0071C8C0 /* MasterViewController.m in Sources */ = {isa = PBXBuildFile; fileRef = 0A859C171C53900B0071C8C0 /* MasterViewController.m */; };
		0A859C1B1C53900B0071C8C0 /* DetailViewController.m in Sources */ = {isa = PBXBuildFile; fileRef = 0A859C1A1C53900B0071C8C0 /* DetailViewController.m */; };
		0A859C1E1C53900B0071C8C0 /* Main.storyboard in Resources */ = {isa = PBXBuildFile; fileRef = 0A859C1C1C53900B0071C8C0 /* Main.storyboard */; };
		0A859C201C53900B0071C8C0 /* Assets.xcassets in Resources */ = {isa = PBXBuildFile; fileRef = 0A859C1F1C53900B0071C8C0 /* Assets.xcassets */; };
		0A859C231C53900B0071C8C0 /* LaunchScreen.storyboard in Resources */ = {isa = PBXBuildFile; fileRef = 0A859C211C53900B0071C8C0 /* LaunchScreen.storyboard */; };
		0A859C5A1C53A0690071C8C0 /* MondoAuthenticator.swift in Sources */ = {isa = PBXBuildFile; fileRef = 0A859C591C53A0690071C8C0 /* MondoAuthenticator.swift */; };
		0A859C5D1C53B2E10071C8C0 /* MondoTransactionFetcher.swift in Sources */ = {isa = PBXBuildFile; fileRef = 0A859C5C1C53B2E10071C8C0 /* MondoTransactionFetcher.swift */; };
		2CC3F76D07F997C165ED90CF /* libPods-ExpensiMondo.a in Frameworks */ = {isa = PBXBuildFile; fileRef = C6D34875F9A8C8D28D6BFA64 /* libPods-ExpensiMondo.a */; };
		8A75F8B31C53B709000392AB /* ExpensifyTransaction.m in Sources */ = {isa = PBXBuildFile; fileRef = 8A75F8B21C53B709000392AB /* ExpensifyTransaction.m */; };
		8A75F8B61C53B7AA000392AB /* ExpensifyAPI.m in Sources */ = {isa = PBXBuildFile; fileRef = 8A75F8B51C53B7AA000392AB /* ExpensifyAPI.m */; };
		8A75F8B81C53B9F8000392AB /* Podfile in Resources */ = {isa = PBXBuildFile; fileRef = 8A75F8B71C53B9F8000392AB /* Podfile */; };
/* End PBXBuildFile section */

/* Begin PBXFileReference section */
		0280F9589AC587584956848E /* Pods-ExpensiMondo.debug.xcconfig */ = {isa = PBXFileReference; includeInIndex = 1; lastKnownFileType = text.xcconfig; name = "Pods-ExpensiMondo.debug.xcconfig"; path = "Pods/Target Support Files/Pods-ExpensiMondo/Pods-ExpensiMondo.debug.xcconfig"; sourceTree = "<group>"; };
		0A211E8A1C53BAF40028CD2C /* extensions.swift */ = {isa = PBXFileReference; fileEncoding = 4; lastKnownFileType = sourcecode.swift; path = extensions.swift; sourceTree = "<group>"; };
		0A211E8B1C53BAF40028CD2C /* Info.plist */ = {isa = PBXFileReference; fileEncoding = 4; lastKnownFileType = text.plist.xml; path = Info.plist; sourceTree = "<group>"; };
		0A211E8D1C53BAF40028CD2C /* OAuth2+iOS.swift */ = {isa = PBXFileReference; fileEncoding = 4; lastKnownFileType = sourcecode.swift; path = "OAuth2+iOS.swift"; sourceTree = "<group>"; };
		0A211E8E1C53BAF40028CD2C /* OAuth2WebViewController.swift */ = {isa = PBXFileReference; fileEncoding = 4; lastKnownFileType = sourcecode.swift; path = OAuth2WebViewController.swift; sourceTree = "<group>"; };
		0A211E8F1C53BAF40028CD2C /* OAuth2.h */ = {isa = PBXFileReference; fileEncoding = 4; lastKnownFileType = sourcecode.c.h; path = OAuth2.h; sourceTree = "<group>"; };
		0A211E901C53BAF40028CD2C /* OAuth2.swift */ = {isa = PBXFileReference; fileEncoding = 4; lastKnownFileType = sourcecode.swift; path = OAuth2.swift; sourceTree = "<group>"; };
		0A211E911C53BAF40028CD2C /* OAuth2Base.swift */ = {isa = PBXFileReference; fileEncoding = 4; lastKnownFileType = sourcecode.swift; path = OAuth2Base.swift; sourceTree = "<group>"; };
		0A211E921C53BAF40028CD2C /* OAuth2ClientCredentials.swift */ = {isa = PBXFileReference; fileEncoding = 4; lastKnownFileType = sourcecode.swift; path = OAuth2ClientCredentials.swift; sourceTree = "<group>"; };
		0A211E931C53BAF40028CD2C /* OAuth2CodeGrant.swift */ = {isa = PBXFileReference; fileEncoding = 4; lastKnownFileType = sourcecode.swift; path = OAuth2CodeGrant.swift; sourceTree = "<group>"; };
		0A211E941C53BAF40028CD2C /* OAuth2CodeGrantBasicAuth.swift */ = {isa = PBXFileReference; fileEncoding = 4; lastKnownFileType = sourcecode.swift; path = OAuth2CodeGrantBasicAuth.swift; sourceTree = "<group>"; };
		0A211E951C53BAF40028CD2C /* OAuth2CodeGrantFacebook.swift */ = {isa = PBXFileReference; fileEncoding = 4; lastKnownFileType = sourcecode.swift; path = OAuth2CodeGrantFacebook.swift; sourceTree = "<group>"; };
		0A211E961C53BAF40028CD2C /* OAuth2DynReg.swift */ = {isa = PBXFileReference; fileEncoding = 4; lastKnownFileType = sourcecode.swift; path = OAuth2DynReg.swift; sourceTree = "<group>"; };
		0A211E971C53BAF40028CD2C /* OAuth2ImplicitGrant.swift */ = {isa = PBXFileReference; fileEncoding = 4; lastKnownFileType = sourcecode.swift; path = OAuth2ImplicitGrant.swift; sourceTree = "<group>"; };
		0A211E981C53BAF40028CD2C /* OAuth2PasswordGrant.swift */ = {isa = PBXFileReference; fileEncoding = 4; lastKnownFileType = sourcecode.swift; path = OAuth2PasswordGrant.swift; sourceTree = "<group>"; };
		0A211E991C53BAF40028CD2C /* OAuth2Request.swift */ = {isa = PBXFileReference; fileEncoding = 4; lastKnownFileType = sourcecode.swift; path = OAuth2Request.swift; sourceTree = "<group>"; };
		0A211E9B1C53BAF40028CD2C /* ArchiveKey.swift */ = {isa = PBXFileReference; fileEncoding = 4; lastKnownFileType = sourcecode.swift; path = ArchiveKey.swift; sourceTree = "<group>"; };
		0A211E9C1C53BAF40028CD2C /* GenericKey.swift */ = {isa = PBXFileReference; fileEncoding = 4; lastKnownFileType = sourcecode.swift; path = GenericKey.swift; sourceTree = "<group>"; };
		0A211E9D1C53BAF40028CD2C /* Keychain.swift */ = {isa = PBXFileReference; fileEncoding = 4; lastKnownFileType = sourcecode.swift; path = Keychain.swift; sourceTree = "<group>"; };
		0A211E9E1C53BAF40028CD2C /* KeychainItem.swift */ = {isa = PBXFileReference; fileEncoding = 4; lastKnownFileType = sourcecode.swift; path = KeychainItem.swift; sourceTree = "<group>"; };
		0A211E9F1C53BAF40028CD2C /* KeychainQuery.swift */ = {isa = PBXFileReference; fileEncoding = 4; lastKnownFileType = sourcecode.swift; path = KeychainQuery.swift; sourceTree = "<group>"; };
		0A211EA01C53BAF40028CD2C /* KeychainService.swift */ = {isa = PBXFileReference; fileEncoding = 4; lastKnownFileType = sourcecode.swift; path = KeychainService.swift; sourceTree = "<group>"; };
		0A6BA7861C53D11B007DE4A4 /* Credentials.json */ = {isa = PBXFileReference; fileEncoding = 4; lastKnownFileType = text.json; path = Credentials.json; sourceTree = "<group>"; };
		0A6BA7881C53D4C3007DE4A4 /* MondoAPI.swift */ = {isa = PBXFileReference; fileEncoding = 4; lastKnownFileType = sourcecode.swift; path = MondoAPI.swift; sourceTree = "<group>"; };
		0A859C0A1C53900B0071C8C0 /* ExpensiMondo.app */ = {isa = PBXFileReference; explicitFileType = wrapper.application; includeInIndex = 0; path = ExpensiMondo.app; sourceTree = BUILT_PRODUCTS_DIR; };
		0A859C0E1C53900B0071C8C0 /* main.m */ = {isa = PBXFileReference; lastKnownFileType = sourcecode.c.objc; path = main.m; sourceTree = "<group>"; };
		0A859C101C53900B0071C8C0 /* AppDelegate.h */ = {isa = PBXFileReference; lastKnownFileType = sourcecode.c.h; path = AppDelegate.h; sourceTree = "<group>"; };
		0A859C111C53900B0071C8C0 /* AppDelegate.m */ = {isa = PBXFileReference; lastKnownFileType = sourcecode.c.objc; path = AppDelegate.m; sourceTree = "<group>"; };
		0A859C141C53900B0071C8C0 /* ExpensiMondo.xcdatamodel */ = {isa = PBXFileReference; lastKnownFileType = wrapper.xcdatamodel; path = ExpensiMondo.xcdatamodel; sourceTree = "<group>"; };
		0A859C161C53900B0071C8C0 /* MasterViewController.h */ = {isa = PBXFileReference; lastKnownFileType = sourcecode.c.h; path = MasterViewController.h; sourceTree = "<group>"; };
		0A859C171C53900B0071C8C0 /* MasterViewController.m */ = {isa = PBXFileReference; lastKnownFileType = sourcecode.c.objc; path = MasterViewController.m; sourceTree = "<group>"; };
		0A859C191C53900B0071C8C0 /* DetailViewController.h */ = {isa = PBXFileReference; lastKnownFileType = sourcecode.c.h; path = DetailViewController.h; sourceTree = "<group>"; };
		0A859C1A1C53900B0071C8C0 /* DetailViewController.m */ = {isa = PBXFileReference; lastKnownFileType = sourcecode.c.objc; path = DetailViewController.m; sourceTree = "<group>"; };
		0A859C1D1C53900B0071C8C0 /* Base */ = {isa = PBXFileReference; lastKnownFileType = file.storyboard; name = Base; path = Base.lproj/Main.storyboard; sourceTree = "<group>"; };
		0A859C1F1C53900B0071C8C0 /* Assets.xcassets */ = {isa = PBXFileReference; lastKnownFileType = folder.assetcatalog; path = Assets.xcassets; sourceTree = "<group>"; };
		0A859C221C53900B0071C8C0 /* Base */ = {isa = PBXFileReference; lastKnownFileType = file.storyboard; name = Base; path = Base.lproj/LaunchScreen.storyboard; sourceTree = "<group>"; };
		0A859C241C53900B0071C8C0 /* Info.plist */ = {isa = PBXFileReference; lastKnownFileType = text.plist.xml; path = Info.plist; sourceTree = "<group>"; };
		0A859C591C53A0690071C8C0 /* MondoAuthenticator.swift */ = {isa = PBXFileReference; fileEncoding = 4; lastKnownFileType = sourcecode.swift; path = MondoAuthenticator.swift; sourceTree = "<group>"; };
		0A859C5B1C53A4770071C8C0 /* ExpensiMondo-Bridging-Header.h */ = {isa = PBXFileReference; lastKnownFileType = sourcecode.c.h; path = "ExpensiMondo-Bridging-Header.h"; sourceTree = "<group>"; };
		0A859C5C1C53B2E10071C8C0 /* MondoTransactionFetcher.swift */ = {isa = PBXFileReference; fileEncoding = 4; lastKnownFileType = sourcecode.swift; path = MondoTransactionFetcher.swift; sourceTree = "<group>"; };
		8A75F8B11C53B709000392AB /* ExpensifyTransaction.h */ = {isa = PBXFileReference; fileEncoding = 4; lastKnownFileType = sourcecode.c.h; name = ExpensifyTransaction.h; path = Models/ExpensifyTransaction.h; sourceTree = "<group>"; };
		8A75F8B21C53B709000392AB /* ExpensifyTransaction.m */ = {isa = PBXFileReference; fileEncoding = 4; lastKnownFileType = sourcecode.c.objc; name = ExpensifyTransaction.m; path = Models/ExpensifyTransaction.m; sourceTree = "<group>"; };
		8A75F8B41C53B7AA000392AB /* ExpensifyAPI.h */ = {isa = PBXFileReference; fileEncoding = 4; lastKnownFileType = sourcecode.c.h; path = ExpensifyAPI.h; sourceTree = "<group>"; };
		8A75F8B51C53B7AA000392AB /* ExpensifyAPI.m */ = {isa = PBXFileReference; fileEncoding = 4; lastKnownFileType = sourcecode.c.objc; path = ExpensifyAPI.m; sourceTree = "<group>"; };
		8A75F8B71C53B9F8000392AB /* Podfile */ = {isa = PBXFileReference; fileEncoding = 4; lastKnownFileType = text; path = Podfile; sourceTree = "<group>"; xcLanguageSpecificationIdentifier = xcode.lang.ruby; };
		B714D9ED950A7D99D722EC66 /* Pods-ExpensiMondo.release.xcconfig */ = {isa = PBXFileReference; includeInIndex = 1; lastKnownFileType = text.xcconfig; name = "Pods-ExpensiMondo.release.xcconfig"; path = "Pods/Target Support Files/Pods-ExpensiMondo/Pods-ExpensiMondo.release.xcconfig"; sourceTree = "<group>"; };
		C6D34875F9A8C8D28D6BFA64 /* libPods-ExpensiMondo.a */ = {isa = PBXFileReference; explicitFileType = archive.ar; includeInIndex = 0; path = "libPods-ExpensiMondo.a"; sourceTree = BUILT_PRODUCTS_DIR; };
/* End PBXFileReference section */

/* Begin PBXFrameworksBuildPhase section */
		0A859C071C53900B0071C8C0 /* Frameworks */ = {
			isa = PBXFrameworksBuildPhase;
			buildActionMask = 2147483647;
			files = (
				2CC3F76D07F997C165ED90CF /* libPods-ExpensiMondo.a in Frameworks */,
			);
			runOnlyForDeploymentPostprocessing = 0;
		};
/* End PBXFrameworksBuildPhase section */

/* Begin PBXGroup section */
		0A211E891C53BAF40028CD2C /* OAuth2 */ = {
			isa = PBXGroup;
			children = (
				0A211E8A1C53BAF40028CD2C /* extensions.swift */,
				0A211E8B1C53BAF40028CD2C /* Info.plist */,
				0A211E8C1C53BAF40028CD2C /* OAuth2+iOS */,
				0A211E8F1C53BAF40028CD2C /* OAuth2.h */,
				0A211E901C53BAF40028CD2C /* OAuth2.swift */,
				0A211E911C53BAF40028CD2C /* OAuth2Base.swift */,
				0A211E921C53BAF40028CD2C /* OAuth2ClientCredentials.swift */,
				0A211E931C53BAF40028CD2C /* OAuth2CodeGrant.swift */,
				0A211E941C53BAF40028CD2C /* OAuth2CodeGrantBasicAuth.swift */,
				0A211E951C53BAF40028CD2C /* OAuth2CodeGrantFacebook.swift */,
				0A211E961C53BAF40028CD2C /* OAuth2DynReg.swift */,
				0A211E971C53BAF40028CD2C /* OAuth2ImplicitGrant.swift */,
				0A211E981C53BAF40028CD2C /* OAuth2PasswordGrant.swift */,
				0A211E991C53BAF40028CD2C /* OAuth2Request.swift */,
				0A211E9A1C53BAF40028CD2C /* SwiftKeychain */,
			);
			path = OAuth2;
			sourceTree = "<group>";
		};
		0A211E8C1C53BAF40028CD2C /* OAuth2+iOS */ = {
			isa = PBXGroup;
			children = (
				0A211E8D1C53BAF40028CD2C /* OAuth2+iOS.swift */,
				0A211E8E1C53BAF40028CD2C /* OAuth2WebViewController.swift */,
			);
			path = "OAuth2+iOS";
			sourceTree = "<group>";
		};
		0A211E9A1C53BAF40028CD2C /* SwiftKeychain */ = {
			isa = PBXGroup;
			children = (
				0A211E9B1C53BAF40028CD2C /* ArchiveKey.swift */,
				0A211E9C1C53BAF40028CD2C /* GenericKey.swift */,
				0A211E9D1C53BAF40028CD2C /* Keychain.swift */,
				0A211E9E1C53BAF40028CD2C /* KeychainItem.swift */,
				0A211E9F1C53BAF40028CD2C /* KeychainQuery.swift */,
				0A211EA01C53BAF40028CD2C /* KeychainService.swift */,
			);
			path = SwiftKeychain;
			sourceTree = "<group>";
		};
		0A859C011C53900B0071C8C0 = {
			isa = PBXGroup;
			children = (
				8A75F8B71C53B9F8000392AB /* Podfile */,
				0A6BA7861C53D11B007DE4A4 /* Credentials.json */,
				0A859C0C1C53900B0071C8C0 /* ExpensiMondo */,
				0A859C0B1C53900B0071C8C0 /* Products */,
				BDB55E2114A2A85653C34468 /* Pods */,
				86E7363885EA2309835BFC6D /* Frameworks */,
			);
			sourceTree = "<group>";
		};
		0A859C0B1C53900B0071C8C0 /* Products */ = {
			isa = PBXGroup;
			children = (
				0A859C0A1C53900B0071C8C0 /* ExpensiMondo.app */,
			);
			name = Products;
			sourceTree = "<group>";
		};
		0A859C0C1C53900B0071C8C0 /* ExpensiMondo */ = {
			isa = PBXGroup;
			children = (
				8A75F8B01C53B6ED000392AB /* Models */,
				0A859C101C53900B0071C8C0 /* AppDelegate.h */,
				0A859C111C53900B0071C8C0 /* AppDelegate.m */,
				0A859C161C53900B0071C8C0 /* MasterViewController.h */,
				0A859C171C53900B0071C8C0 /* MasterViewController.m */,
				0A859C5B1C53A4770071C8C0 /* ExpensiMondo-Bridging-Header.h */,
				0A6BA7881C53D4C3007DE4A4 /* MondoAPI.swift */,
				0A859C591C53A0690071C8C0 /* MondoAuthenticator.swift */,
				0A859C5C1C53B2E10071C8C0 /* MondoTransactionFetcher.swift */,
				0A859C191C53900B0071C8C0 /* DetailViewController.h */,
				0A859C1A1C53900B0071C8C0 /* DetailViewController.m */,
				0A859C1C1C53900B0071C8C0 /* Main.storyboard */,
				0A211E891C53BAF40028CD2C /* OAuth2 */,
				0A859C1F1C53900B0071C8C0 /* Assets.xcassets */,
				0A859C211C53900B0071C8C0 /* LaunchScreen.storyboard */,
				0A859C241C53900B0071C8C0 /* Info.plist */,
				0A859C131C53900B0071C8C0 /* ExpensiMondo.xcdatamodeld */,
				0A859C0D1C53900B0071C8C0 /* Supporting Files */,
				8A75F8B41C53B7AA000392AB /* ExpensifyAPI.h */,
				8A75F8B51C53B7AA000392AB /* ExpensifyAPI.m */,
			);
			path = ExpensiMondo;
			sourceTree = "<group>";
		};
		0A859C0D1C53900B0071C8C0 /* Supporting Files */ = {
			isa = PBXGroup;
			children = (
				0A859C0E1C53900B0071C8C0 /* main.m */,
			);
			name = "Supporting Files";
			sourceTree = "<group>";
		};
		86E7363885EA2309835BFC6D /* Frameworks */ = {
			isa = PBXGroup;
			children = (
				C6D34875F9A8C8D28D6BFA64 /* libPods-ExpensiMondo.a */,
			);
			name = Frameworks;
			sourceTree = "<group>";
		};
		8A75F8B01C53B6ED000392AB /* Models */ = {
			isa = PBXGroup;
			children = (
				8A75F8B11C53B709000392AB /* ExpensifyTransaction.h */,
				8A75F8B21C53B709000392AB /* ExpensifyTransaction.m */,
			);
			name = Models;
			sourceTree = "<group>";
		};
		BDB55E2114A2A85653C34468 /* Pods */ = {
			isa = PBXGroup;
			children = (
				0280F9589AC587584956848E /* Pods-ExpensiMondo.debug.xcconfig */,
				B714D9ED950A7D99D722EC66 /* Pods-ExpensiMondo.release.xcconfig */,
			);
			name = Pods;
			sourceTree = "<group>";
		};
/* End PBXGroup section */

/* Begin PBXNativeTarget section */
		0A859C091C53900B0071C8C0 /* ExpensiMondo */ = {
			isa = PBXNativeTarget;
			buildConfigurationList = 0A859C271C53900B0071C8C0 /* Build configuration list for PBXNativeTarget "ExpensiMondo" */;
			buildPhases = (
				6A81FECEF7641AB3FF83AF39 /* Check Pods Manifest.lock */,
				0A859C061C53900B0071C8C0 /* Sources */,
				0A859C071C53900B0071C8C0 /* Frameworks */,
				0A859C081C53900B0071C8C0 /* Resources */,
				2C16FBF45C75AA87ED2C7E27 /* Copy Pods Resources */,
			);
			buildRules = (
			);
			dependencies = (
			);
			name = ExpensiMondo;
			productName = ExpensiMondo;
			productReference = 0A859C0A1C53900B0071C8C0 /* ExpensiMondo.app */;
			productType = "com.apple.product-type.application";
		};
/* End PBXNativeTarget section */

/* Begin PBXProject section */
		0A859C021C53900B0071C8C0 /* Project object */ = {
			isa = PBXProject;
			attributes = {
				LastUpgradeCheck = 0720;
				ORGANIZATIONNAME = "Gilbert Jolly";
				TargetAttributes = {
					0A859C091C53900B0071C8C0 = {
						CreatedOnToolsVersion = 7.2;
					};
				};
			};
			buildConfigurationList = 0A859C051C53900B0071C8C0 /* Build configuration list for PBXProject "ExpensiMondo" */;
			compatibilityVersion = "Xcode 3.2";
			developmentRegion = English;
			hasScannedForEncodings = 0;
			knownRegions = (
				en,
				Base,
			);
			mainGroup = 0A859C011C53900B0071C8C0;
			productRefGroup = 0A859C0B1C53900B0071C8C0 /* Products */;
			projectDirPath = "";
			projectRoot = "";
			targets = (
				0A859C091C53900B0071C8C0 /* ExpensiMondo */,
			);
		};
/* End PBXProject section */

/* Begin PBXResourcesBuildPhase section */
		0A859C081C53900B0071C8C0 /* Resources */ = {
			isa = PBXResourcesBuildPhase;
			buildActionMask = 2147483647;
			files = (
				0A211EA21C53BAF40028CD2C /* Info.plist in Resources */,
				8A75F8B81C53B9F8000392AB /* Podfile in Resources */,
				0A6BA7871C53D11B007DE4A4 /* Credentials.json in Resources */,
				0A859C231C53900B0071C8C0 /* LaunchScreen.storyboard in Resources */,
				0A859C201C53900B0071C8C0 /* Assets.xcassets in Resources */,
				0A859C1E1C53900B0071C8C0 /* Main.storyboard in Resources */,
			);
			runOnlyForDeploymentPostprocessing = 0;
		};
/* End PBXResourcesBuildPhase section */

/* Begin PBXShellScriptBuildPhase section */
		2C16FBF45C75AA87ED2C7E27 /* Copy Pods Resources */ = {
			isa = PBXShellScriptBuildPhase;
			buildActionMask = 2147483647;
			files = (
			);
			inputPaths = (
			);
			name = "Copy Pods Resources";
			outputPaths = (
			);
			runOnlyForDeploymentPostprocessing = 0;
			shellPath = /bin/sh;
			shellScript = "\"${SRCROOT}/Pods/Target Support Files/Pods-ExpensiMondo/Pods-ExpensiMondo-resources.sh\"\n";
			showEnvVarsInLog = 0;
		};
		6A81FECEF7641AB3FF83AF39 /* Check Pods Manifest.lock */ = {
			isa = PBXShellScriptBuildPhase;
			buildActionMask = 2147483647;
			files = (
			);
			inputPaths = (
			);
			name = "Check Pods Manifest.lock";
			outputPaths = (
			);
			runOnlyForDeploymentPostprocessing = 0;
			shellPath = /bin/sh;
			shellScript = "diff \"${PODS_ROOT}/../Podfile.lock\" \"${PODS_ROOT}/Manifest.lock\" > /dev/null\nif [[ $? != 0 ]] ; then\n    cat << EOM\nerror: The sandbox is not in sync with the Podfile.lock. Run 'pod install' or update your CocoaPods installation.\nEOM\n    exit 1\nfi\n";
			showEnvVarsInLog = 0;
		};
/* End PBXShellScriptBuildPhase section */

/* Begin PBXSourcesBuildPhase section */
		0A859C061C53900B0071C8C0 /* Sources */ = {
			isa = PBXSourcesBuildPhase;
			buildActionMask = 2147483647;
			files = (
				0A211EB31C53BAF40028CD2C /* KeychainQuery.swift in Sources */,
				0A211EA81C53BAF40028CD2C /* OAuth2CodeGrant.swift in Sources */,
				0A6BA7891C53D4C3007DE4A4 /* MondoAPI.swift in Sources */,
				0A211EA91C53BAF40028CD2C /* OAuth2CodeGrantBasicAuth.swift in Sources */,
				0A859C5D1C53B2E10071C8C0 /* MondoTransactionFetcher.swift in Sources */,
				8A75F8B31C53B709000392AB /* ExpensifyTransaction.m in Sources */,
				0A859C1B1C53900B0071C8C0 /* DetailViewController.m in Sources */,
				0A211EA41C53BAF40028CD2C /* OAuth2WebViewController.swift in Sources */,
				0A211EA71C53BAF40028CD2C /* OAuth2ClientCredentials.swift in Sources */,
				0A211EB41C53BAF40028CD2C /* KeychainService.swift in Sources */,
				0A211EAC1C53BAF40028CD2C /* OAuth2ImplicitGrant.swift in Sources */,
				0A211EA51C53BAF40028CD2C /* OAuth2.swift in Sources */,
				0A211EB21C53BAF40028CD2C /* KeychainItem.swift in Sources */,
				0A859C181C53900B0071C8C0 /* MasterViewController.m in Sources */,
				0A211EA11C53BAF40028CD2C /* extensions.swift in Sources */,
				0A211EA31C53BAF40028CD2C /* OAuth2+iOS.swift in Sources */,
				0A211EB11C53BAF40028CD2C /* Keychain.swift in Sources */,
				0A211EAF1C53BAF40028CD2C /* ArchiveKey.swift in Sources */,
				0A211EAB1C53BAF40028CD2C /* OAuth2DynReg.swift in Sources */,
				0A859C5A1C53A0690071C8C0 /* MondoAuthenticator.swift in Sources */,
				0A859C121C53900B0071C8C0 /* AppDelegate.m in Sources */,
				0A211EB01C53BAF40028CD2C /* GenericKey.swift in Sources */,
				0A211EAE1C53BAF40028CD2C /* OAuth2Request.swift in Sources */,
				0A211EAA1C53BAF40028CD2C /* OAuth2CodeGrantFacebook.swift in Sources */,
				0A211EA61C53BAF40028CD2C /* OAuth2Base.swift in Sources */,
				0A211EAD1C53BAF40028CD2C /* OAuth2PasswordGrant.swift in Sources */,
				8A75F8B61C53B7AA000392AB /* ExpensifyAPI.m in Sources */,
				0A859C0F1C53900B0071C8C0 /* main.m in Sources */,
				0A859C151C53900B0071C8C0 /* ExpensiMondo.xcdatamodeld in Sources */,
			);
			runOnlyForDeploymentPostprocessing = 0;
		};
/* End PBXSourcesBuildPhase section */

/* Begin PBXVariantGroup section */
		0A859C1C1C53900B0071C8C0 /* Main.storyboard */ = {
			isa = PBXVariantGroup;
			children = (
				0A859C1D1C53900B0071C8C0 /* Base */,
			);
			name = Main.storyboard;
			sourceTree = "<group>";
		};
		0A859C211C53900B0071C8C0 /* LaunchScreen.storyboard */ = {
			isa = PBXVariantGroup;
			children = (
				0A859C221C53900B0071C8C0 /* Base */,
			);
			name = LaunchScreen.storyboard;
			sourceTree = "<group>";
		};
/* End PBXVariantGroup section */

/* Begin XCBuildConfiguration section */
		0A859C251C53900B0071C8C0 /* Debug */ = {
			isa = XCBuildConfiguration;
			buildSettings = {
				ALWAYS_SEARCH_USER_PATHS = NO;
				CLANG_CXX_LANGUAGE_STANDARD = "gnu++0x";
				CLANG_CXX_LIBRARY = "libc++";
				CLANG_ENABLE_MODULES = YES;
				CLANG_ENABLE_OBJC_ARC = YES;
				CLANG_WARN_BOOL_CONVERSION = YES;
				CLANG_WARN_CONSTANT_CONVERSION = YES;
				CLANG_WARN_DIRECT_OBJC_ISA_USAGE = YES_ERROR;
				CLANG_WARN_EMPTY_BODY = YES;
				CLANG_WARN_ENUM_CONVERSION = YES;
				CLANG_WARN_INT_CONVERSION = YES;
				CLANG_WARN_OBJC_ROOT_CLASS = YES_ERROR;
				CLANG_WARN_UNREACHABLE_CODE = YES;
				CLANG_WARN__DUPLICATE_METHOD_MATCH = YES;
				"CODE_SIGN_IDENTITY[sdk=iphoneos*]" = "iPhone Developer";
				COPY_PHASE_STRIP = NO;
				DEBUG_INFORMATION_FORMAT = dwarf;
				ENABLE_STRICT_OBJC_MSGSEND = YES;
				ENABLE_TESTABILITY = YES;
				GCC_C_LANGUAGE_STANDARD = gnu99;
				GCC_DYNAMIC_NO_PIC = NO;
				GCC_NO_COMMON_BLOCKS = YES;
				GCC_OPTIMIZATION_LEVEL = 0;
				GCC_PREPROCESSOR_DEFINITIONS = (
					"DEBUG=1",
					"$(inherited)",
				);
				GCC_WARN_64_TO_32_BIT_CONVERSION = YES;
				GCC_WARN_ABOUT_RETURN_TYPE = YES_ERROR;
				GCC_WARN_UNDECLARED_SELECTOR = YES;
				GCC_WARN_UNINITIALIZED_AUTOS = YES_AGGRESSIVE;
				GCC_WARN_UNUSED_FUNCTION = YES;
				GCC_WARN_UNUSED_VARIABLE = YES;
				IPHONEOS_DEPLOYMENT_TARGET = 9.2;
				MTL_ENABLE_DEBUG_INFO = YES;
				ONLY_ACTIVE_ARCH = YES;
				SDKROOT = iphoneos;
				TARGETED_DEVICE_FAMILY = "1,2";
			};
			name = Debug;
		};
		0A859C261C53900B0071C8C0 /* Release */ = {
			isa = XCBuildConfiguration;
			buildSettings = {
				ALWAYS_SEARCH_USER_PATHS = NO;
				CLANG_CXX_LANGUAGE_STANDARD = "gnu++0x";
				CLANG_CXX_LIBRARY = "libc++";
				CLANG_ENABLE_MODULES = YES;
				CLANG_ENABLE_OBJC_ARC = YES;
				CLANG_WARN_BOOL_CONVERSION = YES;
				CLANG_WARN_CONSTANT_CONVERSION = YES;
				CLANG_WARN_DIRECT_OBJC_ISA_USAGE = YES_ERROR;
				CLANG_WARN_EMPTY_BODY = YES;
				CLANG_WARN_ENUM_CONVERSION = YES;
				CLANG_WARN_INT_CONVERSION = YES;
				CLANG_WARN_OBJC_ROOT_CLASS = YES_ERROR;
				CLANG_WARN_UNREACHABLE_CODE = YES;
				CLANG_WARN__DUPLICATE_METHOD_MATCH = YES;
				"CODE_SIGN_IDENTITY[sdk=iphoneos*]" = "iPhone Developer";
				COPY_PHASE_STRIP = NO;
				DEBUG_INFORMATION_FORMAT = "dwarf-with-dsym";
				ENABLE_NS_ASSERTIONS = NO;
				ENABLE_STRICT_OBJC_MSGSEND = YES;
				GCC_C_LANGUAGE_STANDARD = gnu99;
				GCC_NO_COMMON_BLOCKS = YES;
				GCC_WARN_64_TO_32_BIT_CONVERSION = YES;
				GCC_WARN_ABOUT_RETURN_TYPE = YES_ERROR;
				GCC_WARN_UNDECLARED_SELECTOR = YES;
				GCC_WARN_UNINITIALIZED_AUTOS = YES_AGGRESSIVE;
				GCC_WARN_UNUSED_FUNCTION = YES;
				GCC_WARN_UNUSED_VARIABLE = YES;
				IPHONEOS_DEPLOYMENT_TARGET = 9.2;
				MTL_ENABLE_DEBUG_INFO = NO;
				SDKROOT = iphoneos;
				TARGETED_DEVICE_FAMILY = "1,2";
				VALIDATE_PRODUCT = YES;
			};
			name = Release;
		};
		0A859C281C53900B0071C8C0 /* Debug */ = {
			isa = XCBuildConfiguration;
			baseConfigurationReference = 0280F9589AC587584956848E /* Pods-ExpensiMondo.debug.xcconfig */;
			buildSettings = {
				ASSETCATALOG_COMPILER_APPICON_NAME = AppIcon;
				INFOPLIST_FILE = ExpensiMondo/Info.plist;
				LD_RUNPATH_SEARCH_PATHS = "$(inherited) @executable_path/Frameworks";
				PRODUCT_BUNDLE_IDENTIFIER = com.mondo.expensimondo.ExpensiMondo;
				PRODUCT_NAME = "$(TARGET_NAME)";
				SWIFT_OBJC_BRIDGING_HEADER = "ExpensiMondo/ExpensiMondo-Bridging-Header.h";
			};
			name = Debug;
		};
		0A859C291C53900B0071C8C0 /* Release */ = {
			isa = XCBuildConfiguration;
			baseConfigurationReference = B714D9ED950A7D99D722EC66 /* Pods-ExpensiMondo.release.xcconfig */;
			buildSettings = {
				ASSETCATALOG_COMPILER_APPICON_NAME = AppIcon;
				INFOPLIST_FILE = ExpensiMondo/Info.plist;
				LD_RUNPATH_SEARCH_PATHS = "$(inherited) @executable_path/Frameworks";
				PRODUCT_BUNDLE_IDENTIFIER = com.mondo.expensimondo.ExpensiMondo;
				PRODUCT_NAME = "$(TARGET_NAME)";
				SWIFT_OBJC_BRIDGING_HEADER = "ExpensiMondo/ExpensiMondo-Bridging-Header.h";
			};
			name = Release;
		};
/* End XCBuildConfiguration section */

/* Begin XCConfigurationList section */
		0A859C051C53900B0071C8C0 /* Build configuration list for PBXProject "ExpensiMondo" */ = {
			isa = XCConfigurationList;
			buildConfigurations = (
				0A859C251C53900B0071C8C0 /* Debug */,
				0A859C261C53900B0071C8C0 /* Release */,
			);
			defaultConfigurationIsVisible = 0;
			defaultConfigurationName = Release;
		};
		0A859C271C53900B0071C8C0 /* Build configuration list for PBXNativeTarget "ExpensiMondo" */ = {
			isa = XCConfigurationList;
			buildConfigurations = (
				0A859C281C53900B0071C8C0 /* Debug */,
				0A859C291C53900B0071C8C0 /* Release */,
			);
			defaultConfigurationIsVisible = 0;
			defaultConfigurationName = Release;
		};
/* End XCConfigurationList section */

/* Begin XCVersionGroup section */
		0A859C131C53900B0071C8C0 /* ExpensiMondo.xcdatamodeld */ = {
			isa = XCVersionGroup;
			children = (
				0A859C141C53900B0071C8C0 /* ExpensiMondo.xcdatamodel */,
			);
			currentVersion = 0A859C141C53900B0071C8C0 /* ExpensiMondo.xcdatamodel */;
			path = ExpensiMondo.xcdatamodeld;
			sourceTree = "<group>";
			versionGroupType = wrapper.xcdatamodel;
		};
/* End XCVersionGroup section */
	};
	rootObject = 0A859C021C53900B0071C8C0 /* Project object */;
}
